// !$*UTF8*$!
{
	archiveVersion = 1;
	classes = {
	};
	objectVersion = 50;
	objects = {

/* Begin PBXBuildFile section */
		D0670C6526405B8A003C87B3 /* ThirdExampleApp.swift in Sources */ = {isa = PBXBuildFile; fileRef = D0670C6426405B8A003C87B3 /* ThirdExampleApp.swift */; };
		D0670C6726405B8A003C87B3 /* ContentView.swift in Sources */ = {isa = PBXBuildFile; fileRef = D0670C6626405B8A003C87B3 /* ContentView.swift */; };
		D0670C6926405B8D003C87B3 /* Assets.xcassets in Resources */ = {isa = PBXBuildFile; fileRef = D0670C6826405B8D003C87B3 /* Assets.xcassets */; };
		D0670C6C26405B8D003C87B3 /* Preview Assets.xcassets in Resources */ = {isa = PBXBuildFile; fileRef = D0670C6B26405B8D003C87B3 /* Preview Assets.xcassets */; };
		D0670C7726405B8E003C87B3 /* ThirdExampleTests.swift in Sources */ = {isa = PBXBuildFile; fileRef = D0670C7626405B8E003C87B3 /* ThirdExampleTests.swift */; };
		D0670C8226405B8E003C87B3 /* ThirdExampleUITests.swift in Sources */ = {isa = PBXBuildFile; fileRef = D0670C8126405B8E003C87B3 /* ThirdExampleUITests.swift */; };
		D0670C9326406053003C87B3 /* GeometryReaderExample1.swift in Sources */ = {isa = PBXBuildFile; fileRef = D0670C9226406053003C87B3 /* GeometryReaderExample1.swift */; };
		D0670C9826406176003C87B3 /* GeReaderEx2.swift in Sources */ = {isa = PBXBuildFile; fileRef = D0670C9726406176003C87B3 /* GeReaderEx2.swift */; };
		D0670C9D26406347003C87B3 /* GeoReaderEx3.swift in Sources */ = {isa = PBXBuildFile; fileRef = D0670C9C26406347003C87B3 /* GeoReaderEx3.swift */; };
		D0670CA226406594003C87B3 /* GeoReaderEx4.swift in Sources */ = {isa = PBXBuildFile; fileRef = D0670CA126406594003C87B3 /* GeoReaderEx4.swift */; };
		D0670CA726406C9F003C87B3 /* GeoReaderEx5.swift in Sources */ = {isa = PBXBuildFile; fileRef = D0670CA626406C9F003C87B3 /* GeoReaderEx5.swift */; };
/* End PBXBuildFile section */

/* Begin PBXContainerItemProxy section */
		D0670C7326405B8E003C87B3 /* PBXContainerItemProxy */ = {
			isa = PBXContainerItemProxy;
			containerPortal = D0670C5926405B8A003C87B3 /* Project object */;
			proxyType = 1;
			remoteGlobalIDString = D0670C6026405B8A003C87B3;
			remoteInfo = ThirdExample;
		};
		D0670C7E26405B8E003C87B3 /* PBXContainerItemProxy */ = {
			isa = PBXContainerItemProxy;
			containerPortal = D0670C5926405B8A003C87B3 /* Project object */;
			proxyType = 1;
			remoteGlobalIDString = D0670C6026405B8A003C87B3;
			remoteInfo = ThirdExample;
		};
/* End PBXContainerItemProxy section */

/* Begin PBXFileReference section */
		D0670C6126405B8A003C87B3 /* ThirdExample.app */ = {isa = PBXFileReference; explicitFileType = wrapper.application; includeInIndex = 0; path = ThirdExample.app; sourceTree = BUILT_PRODUCTS_DIR; };
		D0670C6426405B8A003C87B3 /* ThirdExampleApp.swift */ = {isa = PBXFileReference; lastKnownFileType = sourcecode.swift; path = ThirdExampleApp.swift; sourceTree = "<group>"; };
		D0670C6626405B8A003C87B3 /* ContentView.swift */ = {isa = PBXFileReference; lastKnownFileType = sourcecode.swift; path = ContentView.swift; sourceTree = "<group>"; };
		D0670C6826405B8D003C87B3 /* Assets.xcassets */ = {isa = PBXFileReference; lastKnownFileType = folder.assetcatalog; path = Assets.xcassets; sourceTree = "<group>"; };
		D0670C6B26405B8D003C87B3 /* Preview Assets.xcassets */ = {isa = PBXFileReference; lastKnownFileType = folder.assetcatalog; path = "Preview Assets.xcassets"; sourceTree = "<group>"; };
		D0670C6D26405B8D003C87B3 /* Info.plist */ = {isa = PBXFileReference; lastKnownFileType = text.plist.xml; path = Info.plist; sourceTree = "<group>"; };
		D0670C7226405B8E003C87B3 /* ThirdExampleTests.xctest */ = {isa = PBXFileReference; explicitFileType = wrapper.cfbundle; includeInIndex = 0; path = ThirdExampleTests.xctest; sourceTree = BUILT_PRODUCTS_DIR; };
		D0670C7626405B8E003C87B3 /* ThirdExampleTests.swift */ = {isa = PBXFileReference; lastKnownFileType = sourcecode.swift; path = ThirdExampleTests.swift; sourceTree = "<group>"; };
		D0670C7826405B8E003C87B3 /* Info.plist */ = {isa = PBXFileReference; lastKnownFileType = text.plist.xml; path = Info.plist; sourceTree = "<group>"; };
		D0670C7D26405B8E003C87B3 /* ThirdExampleUITests.xctest */ = {isa = PBXFileReference; explicitFileType = wrapper.cfbundle; includeInIndex = 0; path = ThirdExampleUITests.xctest; sourceTree = BUILT_PRODUCTS_DIR; };
		D0670C8126405B8E003C87B3 /* ThirdExampleUITests.swift */ = {isa = PBXFileReference; lastKnownFileType = sourcecode.swift; path = ThirdExampleUITests.swift; sourceTree = "<group>"; };
		D0670C8326405B8E003C87B3 /* Info.plist */ = {isa = PBXFileReference; lastKnownFileType = text.plist.xml; path = Info.plist; sourceTree = "<group>"; };
		D0670C9226406053003C87B3 /* GeometryReaderExample1.swift */ = {isa = PBXFileReference; lastKnownFileType = sourcecode.swift; path = GeometryReaderExample1.swift; sourceTree = "<group>"; };
		D0670C9726406176003C87B3 /* GeReaderEx2.swift */ = {isa = PBXFileReference; lastKnownFileType = sourcecode.swift; path = GeReaderEx2.swift; sourceTree = "<group>"; };
		D0670C9C26406347003C87B3 /* GeoReaderEx3.swift */ = {isa = PBXFileReference; lastKnownFileType = sourcecode.swift; path = GeoReaderEx3.swift; sourceTree = "<group>"; };
		D0670CA126406594003C87B3 /* GeoReaderEx4.swift */ = {isa = PBXFileReference; lastKnownFileType = sourcecode.swift; path = GeoReaderEx4.swift; sourceTree = "<group>"; };
		D0670CA626406C9F003C87B3 /* GeoReaderEx5.swift */ = {isa = PBXFileReference; lastKnownFileType = sourcecode.swift; path = GeoReaderEx5.swift; sourceTree = "<group>"; };
/* End PBXFileReference section */

/* Begin PBXFrameworksBuildPhase section */
		D0670C5E26405B8A003C87B3 /* Frameworks */ = {
			isa = PBXFrameworksBuildPhase;
			buildActionMask = 2147483647;
			files = (
			);
			runOnlyForDeploymentPostprocessing = 0;
		};
		D0670C6F26405B8E003C87B3 /* Frameworks */ = {
			isa = PBXFrameworksBuildPhase;
			buildActionMask = 2147483647;
			files = (
			);
			runOnlyForDeploymentPostprocessing = 0;
		};
		D0670C7A26405B8E003C87B3 /* Frameworks */ = {
			isa = PBXFrameworksBuildPhase;
			buildActionMask = 2147483647;
			files = (
			);
			runOnlyForDeploymentPostprocessing = 0;
		};
/* End PBXFrameworksBuildPhase section */

/* Begin PBXGroup section */
		D0670C5826405B8A003C87B3 = {
			isa = PBXGroup;
			children = (
				D0670C6326405B8A003C87B3 /* ThirdExample */,
				D0670C7526405B8E003C87B3 /* ThirdExampleTests */,
				D0670C8026405B8E003C87B3 /* ThirdExampleUITests */,
				D0670C6226405B8A003C87B3 /* Products */,
			);
			sourceTree = "<group>";
		};
		D0670C6226405B8A003C87B3 /* Products */ = {
			isa = PBXGroup;
			children = (
				D0670C6126405B8A003C87B3 /* ThirdExample.app */,
				D0670C7226405B8E003C87B3 /* ThirdExampleTests.xctest */,
				D0670C7D26405B8E003C87B3 /* ThirdExampleUITests.xctest */,
			);
			name = Products;
			sourceTree = "<group>";
		};
		D0670C6326405B8A003C87B3 /* ThirdExample */ = {
			isa = PBXGroup;
			children = (
				D0670C6426405B8A003C87B3 /* ThirdExampleApp.swift */,
				D0670C6626405B8A003C87B3 /* ContentView.swift */,
				D0670C6826405B8D003C87B3 /* Assets.xcassets */,
				D0670C6D26405B8D003C87B3 /* Info.plist */,
				D0670C6A26405B8D003C87B3 /* Preview Content */,
				D0670C9226406053003C87B3 /* GeometryReaderExample1.swift */,
				D0670C9726406176003C87B3 /* GeReaderEx2.swift */,
				D0670C9C26406347003C87B3 /* GeoReaderEx3.swift */,
				D0670CA126406594003C87B3 /* GeoReaderEx4.swift */,
				D0670CA626406C9F003C87B3 /* GeoReaderEx5.swift */,
			);
			path = ThirdExample;
			sourceTree = "<group>";
		};
		D0670C6A26405B8D003C87B3 /* Preview Content */ = {
			isa = PBXGroup;
			children = (
				D0670C6B26405B8D003C87B3 /* Preview Assets.xcassets */,
			);
			path = "Preview Content";
			sourceTree = "<group>";
		};
		D0670C7526405B8E003C87B3 /* ThirdExampleTests */ = {
			isa = PBXGroup;
			children = (
				D0670C7626405B8E003C87B3 /* ThirdExampleTests.swift */,
				D0670C7826405B8E003C87B3 /* Info.plist */,
			);
			path = ThirdExampleTests;
			sourceTree = "<group>";
		};
		D0670C8026405B8E003C87B3 /* ThirdExampleUITests */ = {
			isa = PBXGroup;
			children = (
				D0670C8126405B8E003C87B3 /* ThirdExampleUITests.swift */,
				D0670C8326405B8E003C87B3 /* Info.plist */,
			);
			path = ThirdExampleUITests;
			sourceTree = "<group>";
		};
/* End PBXGroup section */

/* Begin PBXNativeTarget section */
		D0670C6026405B8A003C87B3 /* ThirdExample */ = {
			isa = PBXNativeTarget;
			buildConfigurationList = D0670C8626405B8E003C87B3 /* Build configuration list for PBXNativeTarget "ThirdExample" */;
			buildPhases = (
				D0670C5D26405B8A003C87B3 /* Sources */,
				D0670C5E26405B8A003C87B3 /* Frameworks */,
				D0670C5F26405B8A003C87B3 /* Resources */,
			);
			buildRules = (
			);
			dependencies = (
			);
			name = ThirdExample;
			productName = ThirdExample;
			productReference = D0670C6126405B8A003C87B3 /* ThirdExample.app */;
			productType = "com.apple.product-type.application";
		};
		D0670C7126405B8E003C87B3 /* ThirdExampleTests */ = {
			isa = PBXNativeTarget;
			buildConfigurationList = D0670C8926405B8E003C87B3 /* Build configuration list for PBXNativeTarget "ThirdExampleTests" */;
			buildPhases = (
				D0670C6E26405B8E003C87B3 /* Sources */,
				D0670C6F26405B8E003C87B3 /* Frameworks */,
				D0670C7026405B8E003C87B3 /* Resources */,
			);
			buildRules = (
			);
			dependencies = (
				D0670C7426405B8E003C87B3 /* PBXTargetDependency */,
			);
			name = ThirdExampleTests;
			productName = ThirdExampleTests;
			productReference = D0670C7226405B8E003C87B3 /* ThirdExampleTests.xctest */;
			productType = "com.apple.product-type.bundle.unit-test";
		};
		D0670C7C26405B8E003C87B3 /* ThirdExampleUITests */ = {
			isa = PBXNativeTarget;
			buildConfigurationList = D0670C8C26405B8E003C87B3 /* Build configuration list for PBXNativeTarget "ThirdExampleUITests" */;
			buildPhases = (
				D0670C7926405B8E003C87B3 /* Sources */,
				D0670C7A26405B8E003C87B3 /* Frameworks */,
				D0670C7B26405B8E003C87B3 /* Resources */,
			);
			buildRules = (
			);
			dependencies = (
				D0670C7F26405B8E003C87B3 /* PBXTargetDependency */,
			);
			name = ThirdExampleUITests;
			productName = ThirdExampleUITests;
			productReference = D0670C7D26405B8E003C87B3 /* ThirdExampleUITests.xctest */;
			productType = "com.apple.product-type.bundle.ui-testing";
		};
/* End PBXNativeTarget section */

/* Begin PBXProject section */
		D0670C5926405B8A003C87B3 /* Project object */ = {
			isa = PBXProject;
			attributes = {
				LastSwiftUpdateCheck = 1240;
				LastUpgradeCheck = 1240;
				TargetAttributes = {
					D0670C6026405B8A003C87B3 = {
						CreatedOnToolsVersion = 12.4;
					};
					D0670C7126405B8E003C87B3 = {
						CreatedOnToolsVersion = 12.4;
						TestTargetID = D0670C6026405B8A003C87B3;
					};
					D0670C7C26405B8E003C87B3 = {
						CreatedOnToolsVersion = 12.4;
						TestTargetID = D0670C6026405B8A003C87B3;
					};
				};
			};
			buildConfigurationList = D0670C5C26405B8A003C87B3 /* Build configuration list for PBXProject "ThirdExample" */;
			compatibilityVersion = "Xcode 9.3";
			developmentRegion = en;
			hasScannedForEncodings = 0;
			knownRegions = (
				en,
				Base,
			);
			mainGroup = D0670C5826405B8A003C87B3;
			productRefGroup = D0670C6226405B8A003C87B3 /* Products */;
			projectDirPath = "";
			projectRoot = "";
			targets = (
				D0670C6026405B8A003C87B3 /* ThirdExample */,
				D0670C7126405B8E003C87B3 /* ThirdExampleTests */,
				D0670C7C26405B8E003C87B3 /* ThirdExampleUITests */,
			);
		};
/* End PBXProject section */

/* Begin PBXResourcesBuildPhase section */
		D0670C5F26405B8A003C87B3 /* Resources */ = {
			isa = PBXResourcesBuildPhase;
			buildActionMask = 2147483647;
			files = (
				D0670C6C26405B8D003C87B3 /* Preview Assets.xcassets in Resources */,
				D0670C6926405B8D003C87B3 /* Assets.xcassets in Resources */,
			);
			runOnlyForDeploymentPostprocessing = 0;
		};
		D0670C7026405B8E003C87B3 /* Resources */ = {
			isa = PBXResourcesBuildPhase;
			buildActionMask = 2147483647;
			files = (
			);
			runOnlyForDeploymentPostprocessing = 0;
		};
		D0670C7B26405B8E003C87B3 /* Resources */ = {
			isa = PBXResourcesBuildPhase;
			buildActionMask = 2147483647;
			files = (
			);
			runOnlyForDeploymentPostprocessing = 0;
		};
/* End PBXResourcesBuildPhase section */

/* Begin PBXSourcesBuildPhase section */
		D0670C5D26405B8A003C87B3 /* Sources */ = {
			isa = PBXSourcesBuildPhase;
			buildActionMask = 2147483647;
			files = (
				D0670C6726405B8A003C87B3 /* ContentView.swift in Sources */,
				D0670CA726406C9F003C87B3 /* GeoReaderEx5.swift in Sources */,
				D0670C9D26406347003C87B3 /* GeoReaderEx3.swift in Sources */,
				D0670C6526405B8A003C87B3 /* ThirdExampleApp.swift in Sources */,
				D0670C9826406176003C87B3 /* GeReaderEx2.swift in Sources */,
				D0670CA226406594003C87B3 /* GeoReaderEx4.swift in Sources */,
				D0670C9326406053003C87B3 /* GeometryReaderExample1.swift in Sources */,
			);
			runOnlyForDeploymentPostprocessing = 0;
		};
		D0670C6E26405B8E003C87B3 /* Sources */ = {
			isa = PBXSourcesBuildPhase;
			buildActionMask = 2147483647;
			files = (
				D0670C7726405B8E003C87B3 /* ThirdExampleTests.swift in Sources */,
			);
			runOnlyForDeploymentPostprocessing = 0;
		};
		D0670C7926405B8E003C87B3 /* Sources */ = {
			isa = PBXSourcesBuildPhase;
			buildActionMask = 2147483647;
			files = (
				D0670C8226405B8E003C87B3 /* ThirdExampleUITests.swift in Sources */,
			);
			runOnlyForDeploymentPostprocessing = 0;
		};
/* End PBXSourcesBuildPhase section */

/* Begin PBXTargetDependency section */
		D0670C7426405B8E003C87B3 /* PBXTargetDependency */ = {
			isa = PBXTargetDependency;
			target = D0670C6026405B8A003C87B3 /* ThirdExample */;
			targetProxy = D0670C7326405B8E003C87B3 /* PBXContainerItemProxy */;
		};
		D0670C7F26405B8E003C87B3 /* PBXTargetDependency */ = {
			isa = PBXTargetDependency;
			target = D0670C6026405B8A003C87B3 /* ThirdExample */;
			targetProxy = D0670C7E26405B8E003C87B3 /* PBXContainerItemProxy */;
		};
/* End PBXTargetDependency section */

/* Begin XCBuildConfiguration section */
		D0670C8426405B8E003C87B3 /* Debug */ = {
			isa = XCBuildConfiguration;
			buildSettings = {
				ALWAYS_SEARCH_USER_PATHS = NO;
				CLANG_ANALYZER_NONNULL = YES;
				CLANG_ANALYZER_NUMBER_OBJECT_CONVERSION = YES_AGGRESSIVE;
				CLANG_CXX_LANGUAGE_STANDARD = "gnu++14";
				CLANG_CXX_LIBRARY = "libc++";
				CLANG_ENABLE_MODULES = YES;
				CLANG_ENABLE_OBJC_ARC = YES;
				CLANG_ENABLE_OBJC_WEAK = YES;
				CLANG_WARN_BLOCK_CAPTURE_AUTORELEASING = YES;
				CLANG_WARN_BOOL_CONVERSION = YES;
				CLANG_WARN_COMMA = YES;
				CLANG_WARN_CONSTANT_CONVERSION = YES;
				CLANG_WARN_DEPRECATED_OBJC_IMPLEMENTATIONS = YES;
				CLANG_WARN_DIRECT_OBJC_ISA_USAGE = YES_ERROR;
				CLANG_WARN_DOCUMENTATION_COMMENTS = YES;
				CLANG_WARN_EMPTY_BODY = YES;
				CLANG_WARN_ENUM_CONVERSION = YES;
				CLANG_WARN_INFINITE_RECURSION = YES;
				CLANG_WARN_INT_CONVERSION = YES;
				CLANG_WARN_NON_LITERAL_NULL_CONVERSION = YES;
				CLANG_WARN_OBJC_IMPLICIT_RETAIN_SELF = YES;
				CLANG_WARN_OBJC_LITERAL_CONVERSION = YES;
				CLANG_WARN_OBJC_ROOT_CLASS = YES_ERROR;
				CLANG_WARN_QUOTED_INCLUDE_IN_FRAMEWORK_HEADER = YES;
				CLANG_WARN_RANGE_LOOP_ANALYSIS = YES;
				CLANG_WARN_STRICT_PROTOTYPES = YES;
				CLANG_WARN_SUSPICIOUS_MOVE = YES;
				CLANG_WARN_UNGUARDED_AVAILABILITY = YES_AGGRESSIVE;
				CLANG_WARN_UNREACHABLE_CODE = YES;
				CLANG_WARN__DUPLICATE_METHOD_MATCH = YES;
				COPY_PHASE_STRIP = NO;
				DEBUG_INFORMATION_FORMAT = dwarf;
				ENABLE_STRICT_OBJC_MSGSEND = YES;
				ENABLE_TESTABILITY = YES;
				GCC_C_LANGUAGE_STANDARD = gnu11;
				GCC_DYNAMIC_NO_PIC = NO;
				GCC_NO_COMMON_BLOCKS = YES;
				GCC_OPTIMIZATION_LEVEL = 0;
				GCC_PREPROCESSOR_DEFINITIONS = (
					"DEBUG=1",
					"$(inherited)",
				);
				GCC_WARN_64_TO_32_BIT_CONVERSION = YES;
				GCC_WARN_ABOUT_RETURN_TYPE = YES_ERROR;
				GCC_WARN_UNDECLARED_SELECTOR = YES;
				GCC_WARN_UNINITIALIZED_AUTOS = YES_AGGRESSIVE;
				GCC_WARN_UNUSED_FUNCTION = YES;
				GCC_WARN_UNUSED_VARIABLE = YES;
				IPHONEOS_DEPLOYMENT_TARGET = 14.4;
				MTL_ENABLE_DEBUG_INFO = INCLUDE_SOURCE;
				MTL_FAST_MATH = YES;
				ONLY_ACTIVE_ARCH = YES;
				SDKROOT = iphoneos;
				SWIFT_ACTIVE_COMPILATION_CONDITIONS = DEBUG;
				SWIFT_OPTIMIZATION_LEVEL = "-Onone";
			};
			name = Debug;
		};
		D0670C8526405B8E003C87B3 /* Release */ = {
			isa = XCBuildConfiguration;
			buildSettings = {
				ALWAYS_SEARCH_USER_PATHS = NO;
				CLANG_ANALYZER_NONNULL = YES;
				CLANG_ANALYZER_NUMBER_OBJECT_CONVERSION = YES_AGGRESSIVE;
				CLANG_CXX_LANGUAGE_STANDARD = "gnu++14";
				CLANG_CXX_LIBRARY = "libc++";
				CLANG_ENABLE_MODULES = YES;
				CLANG_ENABLE_OBJC_ARC = YES;
				CLANG_ENABLE_OBJC_WEAK = YES;
				CLANG_WARN_BLOCK_CAPTURE_AUTORELEASING = YES;
				CLANG_WARN_BOOL_CONVERSION = YES;
				CLANG_WARN_COMMA = YES;
				CLANG_WARN_CONSTANT_CONVERSION = YES;
				CLANG_WARN_DEPRECATED_OBJC_IMPLEMENTATIONS = YES;
				CLANG_WARN_DIRECT_OBJC_ISA_USAGE = YES_ERROR;
				CLANG_WARN_DOCUMENTATION_COMMENTS = YES;
				CLANG_WARN_EMPTY_BODY = YES;
				CLANG_WARN_ENUM_CONVERSION = YES;
				CLANG_WARN_INFINITE_RECURSION = YES;
				CLANG_WARN_INT_CONVERSION = YES;
				CLANG_WARN_NON_LITERAL_NULL_CONVERSION = YES;
				CLANG_WARN_OBJC_IMPLICIT_RETAIN_SELF = YES;
				CLANG_WARN_OBJC_LITERAL_CONVERSION = YES;
				CLANG_WARN_OBJC_ROOT_CLASS = YES_ERROR;
				CLANG_WARN_QUOTED_INCLUDE_IN_FRAMEWORK_HEADER = YES;
				CLANG_WARN_RANGE_LOOP_ANALYSIS = YES;
				CLANG_WARN_STRICT_PROTOTYPES = YES;
				CLANG_WARN_SUSPICIOUS_MOVE = YES;
				CLANG_WARN_UNGUARDED_AVAILABILITY = YES_AGGRESSIVE;
				CLANG_WARN_UNREACHABLE_CODE = YES;
				CLANG_WARN__DUPLICATE_METHOD_MATCH = YES;
				COPY_PHASE_STRIP = NO;
				DEBUG_INFORMATION_FORMAT = "dwarf-with-dsym";
				ENABLE_NS_ASSERTIONS = NO;
				ENABLE_STRICT_OBJC_MSGSEND = YES;
				GCC_C_LANGUAGE_STANDARD = gnu11;
				GCC_NO_COMMON_BLOCKS = YES;
				GCC_WARN_64_TO_32_BIT_CONVERSION = YES;
				GCC_WARN_ABOUT_RETURN_TYPE = YES_ERROR;
				GCC_WARN_UNDECLARED_SELECTOR = YES;
				GCC_WARN_UNINITIALIZED_AUTOS = YES_AGGRESSIVE;
				GCC_WARN_UNUSED_FUNCTION = YES;
				GCC_WARN_UNUSED_VARIABLE = YES;
				IPHONEOS_DEPLOYMENT_TARGET = 14.4;
				MTL_ENABLE_DEBUG_INFO = NO;
				MTL_FAST_MATH = YES;
				SDKROOT = iphoneos;
				SWIFT_COMPILATION_MODE = wholemodule;
				SWIFT_OPTIMIZATION_LEVEL = "-O";
				VALIDATE_PRODUCT = YES;
			};
			name = Release;
		};
		D0670C8726405B8E003C87B3 /* Debug */ = {
			isa = XCBuildConfiguration;
			buildSettings = {
				ASSETCATALOG_COMPILER_APPICON_NAME = AppIcon;
				ASSETCATALOG_COMPILER_GLOBAL_ACCENT_COLOR_NAME = AccentColor;
				CODE_SIGN_STYLE = Automatic;
				DEVELOPMENT_ASSET_PATHS = "\"ThirdExample/Preview Content\"";
				ENABLE_PREVIEWS = YES;
				INFOPLIST_FILE = ThirdExample/Info.plist;
				IPHONEOS_DEPLOYMENT_TARGET = 14.0;
				LD_RUNPATH_SEARCH_PATHS = (
					"$(inherited)",
					"@executable_path/Frameworks",
				);
				PRODUCT_BUNDLE_IDENTIFIER = bitci.ThirdExample;
				PRODUCT_NAME = "$(TARGET_NAME)";
				SWIFT_VERSION = 5.0;
				TARGETED_DEVICE_FAMILY = "1,2";
			};
			name = Debug;
		};
		D0670C8826405B8E003C87B3 /* Release */ = {
			isa = XCBuildConfiguration;
			buildSettings = {
				ASSETCATALOG_COMPILER_APPICON_NAME = AppIcon;
				ASSETCATALOG_COMPILER_GLOBAL_ACCENT_COLOR_NAME = AccentColor;
				CODE_SIGN_STYLE = Automatic;
				DEVELOPMENT_ASSET_PATHS = "\"ThirdExample/Preview Content\"";
				ENABLE_PREVIEWS = YES;
				INFOPLIST_FILE = ThirdExample/Info.plist;
				IPHONEOS_DEPLOYMENT_TARGET = 14.0;
				LD_RUNPATH_SEARCH_PATHS = (
					"$(inherited)",
					"@executable_path/Frameworks",
				);
				PRODUCT_BUNDLE_IDENTIFIER = bitci.ThirdExample;
				PRODUCT_NAME = "$(TARGET_NAME)";
				SWIFT_VERSION = 5.0;
				TARGETED_DEVICE_FAMILY = "1,2";
			};
			name = Release;
		};
		D0670C8A26405B8E003C87B3 /* Debug */ = {
			isa = XCBuildConfiguration;
			buildSettings = {
				ALWAYS_EMBED_SWIFT_STANDARD_LIBRARIES = YES;
				BUNDLE_LOADER = "$(TEST_HOST)";
				CODE_SIGN_STYLE = Automatic;
				INFOPLIST_FILE = ThirdExampleTests/Info.plist;
				IPHONEOS_DEPLOYMENT_TARGET = 14.0;
				LD_RUNPATH_SEARCH_PATHS = (
					"$(inherited)",
					"@executable_path/Frameworks",
					"@loader_path/Frameworks",
				);
				PRODUCT_BUNDLE_IDENTIFIER = bitci.ThirdExampleTests;
				PRODUCT_NAME = "$(TARGET_NAME)";
				SWIFT_VERSION = 5.0;
				TARGETED_DEVICE_FAMILY = "1,2";
				TEST_HOST = "$(BUILT_PRODUCTS_DIR)/ThirdExample.app/ThirdExample";
			};
			name = Debug;
		};
		D0670C8B26405B8E003C87B3 /* Release */ = {
			isa = XCBuildConfiguration;
			buildSettings = {
				ALWAYS_EMBED_SWIFT_STANDARD_LIBRARIES = YES;
				BUNDLE_LOADER = "$(TEST_HOST)";
				CODE_SIGN_STYLE = Automatic;
				INFOPLIST_FILE = ThirdExampleTests/Info.plist;
				IPHONEOS_DEPLOYMENT_TARGET = 14.0;
				LD_RUNPATH_SEARCH_PATHS = (
					"$(inherited)",
					"@executable_path/Frameworks",
					"@loader_path/Frameworks",
				);
				PRODUCT_BUNDLE_IDENTIFIER = bitci.ThirdExampleTests;
				PRODUCT_NAME = "$(TARGET_NAME)";
				SWIFT_VERSION = 5.0;
				TARGETED_DEVICE_FAMILY = "1,2";
				TEST_HOST = "$(BUILT_PRODUCTS_DIR)/ThirdExample.app/ThirdExample";
			};
			name = Release;
		};
		D0670C8D26405B8E003C87B3 /* Debug */ = {
			isa = XCBuildConfiguration;
			buildSettings = {
				ALWAYS_EMBED_SWIFT_STANDARD_LIBRARIES = YES;
				CODE_SIGN_STYLE = Automatic;
				INFOPLIST_FILE = ThirdExampleUITests/Info.plist;
				LD_RUNPATH_SEARCH_PATHS = (
					"$(inherited)",
					"@executable_path/Frameworks",
					"@loader_path/Frameworks",
				);
				PRODUCT_BUNDLE_IDENTIFIER = bitci.ThirdExampleUITests;
				PRODUCT_NAME = "$(TARGET_NAME)";
				SWIFT_VERSION = 5.0;
				TARGETED_DEVICE_FAMILY = "1,2";
				TEST_TARGET_NAME = ThirdExample;
			};
			name = Debug;
		};
		D0670C8E26405B8E003C87B3 /* Release */ = {
			isa = XCBuildConfiguration;
			buildSettings = {
				ALWAYS_EMBED_SWIFT_STANDARD_LIBRARIES = YES;
				CODE_SIGN_STYLE = Automatic;
				INFOPLIST_FILE = ThirdExampleUITests/Info.plist;
				LD_RUNPATH_SEARCH_PATHS = (
					"$(inherited)",
					"@executable_path/Frameworks",
					"@loader_path/Frameworks",
				);
				PRODUCT_BUNDLE_IDENTIFIER = bitci.ThirdExampleUITests;
				PRODUCT_NAME = "$(TARGET_NAME)";
				SWIFT_VERSION = 5.0;
				TARGETED_DEVICE_FAMILY = "1,2";
				TEST_TARGET_NAME = ThirdExample;
			};
			name = Release;
		};
/* End XCBuildConfiguration section */

/* Begin XCConfigurationList section */
		D0670C5C26405B8A003C87B3 /* Build configuration list for PBXProject "ThirdExample" */ = {
			isa = XCConfigurationList;
			buildConfigurations = (
				D0670C8426405B8E003C87B3 /* Debug */,
				D0670C8526405B8E003C87B3 /* Release */,
			);
			defaultConfigurationIsVisible = 0;
			defaultConfigurationName = Release;
		};
		D0670C8626405B8E003C87B3 /* Build configuration list for PBXNativeTarget "ThirdExample" */ = {
			isa = XCConfigurationList;
			buildConfigurations = (
				D0670C8726405B8E003C87B3 /* Debug */,
				D0670C8826405B8E003C87B3 /* Release */,
			);
			defaultConfigurationIsVisible = 0;
			defaultConfigurationName = Release;
		};
		D0670C8926405B8E003C87B3 /* Build configuration list for PBXNativeTarget "ThirdExampleTests" */ = {
			isa = XCConfigurationList;
			buildConfigurations = (
				D0670C8A26405B8E003C87B3 /* Debug */,
				D0670C8B26405B8E003C87B3 /* Release */,
			);
			defaultConfigurationIsVisible = 0;
			defaultConfigurationName = Release;
		};
		D0670C8C26405B8E003C87B3 /* Build configuration list for PBXNativeTarget "ThirdExampleUITests" */ = {
			isa = XCConfigurationList;
			buildConfigurations = (
				D0670C8D26405B8E003C87B3 /* Debug */,
				D0670C8E26405B8E003C87B3 /* Release */,
			);
			defaultConfigurationIsVisible = 0;
			defaultConfigurationName = Release;
		};
/* End XCConfigurationList section */
	};
	rootObject = D0670C5926405B8A003C87B3 /* Project object */;
}
